
Microsoft Visual Studio Solution File, Format Version 12.00
# Visual Studio Version 17
VisualStudioVersion = 17.3.32901.215
MinimumVisualStudioVersion = 10.0.40219.1
Project("{9A19103F-16F7-4668-BE54-9A1E7A4F7556}") = "JiraDataVisualizer", "JiraDataVisualizer\JiraDataVisualizer.csproj", "{CB35D8FA-93F8-442B-AAA5-3E73B884423B}"
EndProject
Project("{9A19103F-16F7-4668-BE54-9A1E7A4F7556}") = "JiraDataVisualizer.Test", "JiraDataVisualizer.Test\JiraDataVisualizer.Test.csproj", "{5EF1904D-0541-4747-B0F5-C90A368DD231}"
EndProject
Project("{9A19103F-16F7-4668-BE54-9A1E7A4F7556}") = "JiraDataFetcher", "JiraDataFetcher\JiraDataFetcher.csproj", "{8FEC45D4-C181-4DB3-9422-7B26CAA889E1}"
EndProject
Project("{9A19103F-16F7-4668-BE54-9A1E7A4F7556}") = "JiraDataFetcher.Test", "JiraDataFetcher.Test\JiraDataFetcher.Test.csproj", "{C4A7DC24-ED69-445F-8611-46266AF69007}"
EndProject
Project("{9A19103F-16F7-4668-BE54-9A1E7A4F7556}") = "HttpWrapper", "HttpWrapper\HttpWrapper.csproj", "{264870A4-9E5A-48FF-A704-D7849A6FDE92}"
EndProject
Project("{9A19103F-16F7-4668-BE54-9A1E7A4F7556}") = "HttpWrapper.Test", "HttpWrapper.Test\HttpWrapper.Test.csproj", "{1C21CFB8-0917-4155-B69B-97DAB8E42124}"
EndProject
Project("{9A19103F-16F7-4668-BE54-9A1E7A4F7556}") = "JiraDataVisualizer.Console", "JiraDataVisualizer.Console\JiraDataVisualizer.Console.csproj", "{6503C897-FB67-42D8-989F-DBCB7D7F66A4}"
EndProject
Project("{FAE04EC0-301F-11D3-BF4B-00C04F79EFBC}") = "JiraDataPainter", "JiraDataPainter\JiraDataPainter.csproj", "{2F13890F-0DC9-4B2A-B3E2-47C4FA96D03A}"
EndProject
Project("{FAE04EC0-301F-11D3-BF4B-00C04F79EFBC}") = "JiraDataPainter.Test", "JiraDataPainter.Test\JiraDataPainter.Test.csproj", "{00F0B38C-CC8F-4636-9903-76C047331701}"
EndProject
Global
	GlobalSection(SolutionConfigurationPlatforms) = preSolution
		Debug|Any CPU = Debug|Any CPU
		Release|Any CPU = Release|Any CPU
	EndGlobalSection
	GlobalSection(ProjectConfigurationPlatforms) = postSolution
		{CB35D8FA-93F8-442B-AAA5-3E73B884423B}.Debug|Any CPU.ActiveCfg = Debug|Any CPU
		{CB35D8FA-93F8-442B-AAA5-3E73B884423B}.Debug|Any CPU.Build.0 = Debug|Any CPU
		{CB35D8FA-93F8-442B-AAA5-3E73B884423B}.Release|Any CPU.ActiveCfg = Release|Any CPU
		{CB35D8FA-93F8-442B-AAA5-3E73B884423B}.Release|Any CPU.Build.0 = Release|Any CPU
		{5EF1904D-0541-4747-B0F5-C90A368DD231}.Debug|Any CPU.ActiveCfg = Debug|Any CPU
		{5EF1904D-0541-4747-B0F5-C90A368DD231}.Debug|Any CPU.Build.0 = Debug|Any CPU
		{5EF1904D-0541-4747-B0F5-C90A368DD231}.Release|Any CPU.ActiveCfg = Release|Any CPU
		{5EF1904D-0541-4747-B0F5-C90A368DD231}.Release|Any CPU.Build.0 = Release|Any CPU
		{8FEC45D4-C181-4DB3-9422-7B26CAA889E1}.Debug|Any CPU.ActiveCfg = Debug|Any CPU
		{8FEC45D4-C181-4DB3-9422-7B26CAA889E1}.Debug|Any CPU.Build.0 = Debug|Any CPU
		{8FEC45D4-C181-4DB3-9422-7B26CAA889E1}.Release|Any CPU.ActiveCfg = Release|Any CPU
		{8FEC45D4-C181-4DB3-9422-7B26CAA889E1}.Release|Any CPU.Build.0 = Release|Any CPU
		{C4A7DC24-ED69-445F-8611-46266AF69007}.Debug|Any CPU.ActiveCfg = Debug|Any CPU
		{C4A7DC24-ED69-445F-8611-46266AF69007}.Debug|Any CPU.Build.0 = Debug|Any CPU
		{C4A7DC24-ED69-445F-8611-46266AF69007}.Release|Any CPU.ActiveCfg = Release|Any CPU
		{C4A7DC24-ED69-445F-8611-46266AF69007}.Release|Any CPU.Build.0 = Release|Any CPU
		{264870A4-9E5A-48FF-A704-D7849A6FDE92}.Debug|Any CPU.ActiveCfg = Debug|Any CPU
		{264870A4-9E5A-48FF-A704-D7849A6FDE92}.Debug|Any CPU.Build.0 = Debug|Any CPU
		{264870A4-9E5A-48FF-A704-D7849A6FDE92}.Release|Any CPU.ActiveCfg = Release|Any CPU
		{264870A4-9E5A-48FF-A704-D7849A6FDE92}.Release|Any CPU.Build.0 = Release|Any CPU
		{1C21CFB8-0917-4155-B69B-97DAB8E42124}.Debug|Any CPU.ActiveCfg = Debug|Any CPU
		{1C21CFB8-0917-4155-B69B-97DAB8E42124}.Debug|Any CPU.Build.0 = Debug|Any CPU
		{1C21CFB8-0917-4155-B69B-97DAB8E42124}.Release|Any CPU.ActiveCfg = Release|Any CPU
		{1C21CFB8-0917-4155-B69B-97DAB8E42124}.Release|Any CPU.Build.0 = Release|Any CPU
		{6503C897-FB67-42D8-989F-DBCB7D7F66A4}.Debug|Any CPU.ActiveCfg = Debug|Any CPU
		{6503C897-FB67-42D8-989F-DBCB7D7F66A4}.Debug|Any CPU.Build.0 = Debug|Any CPU
		{6503C897-FB67-42D8-989F-DBCB7D7F66A4}.Release|Any CPU.ActiveCfg = Release|Any CPU
		{6503C897-FB67-42D8-989F-DBCB7D7F66A4}.Release|Any CPU.Build.0 = Release|Any CPU
		{2F13890F-0DC9-4B2A-B3E2-47C4FA96D03A}.Debug|Any CPU.ActiveCfg = Debug|Any CPU
		{2F13890F-0DC9-4B2A-B3E2-47C4FA96D03A}.Debug|Any CPU.Build.0 = Debug|Any CPU
		{2F13890F-0DC9-4B2A-B3E2-47C4FA96D03A}.Release|Any CPU.ActiveCfg = Release|Any CPU
		{2F13890F-0DC9-4B2A-B3E2-47C4FA96D03A}.Release|Any CPU.Build.0 = Release|Any CPU
		{00F0B38C-CC8F-4636-9903-76C047331701}.Debug|Any CPU.ActiveCfg = Debug|Any CPU
		{00F0B38C-CC8F-4636-9903-76C047331701}.Debug|Any CPU.Build.0 = Debug|Any CPU
		{00F0B38C-CC8F-4636-9903-76C047331701}.Release|Any CPU.ActiveCfg = Release|Any CPU
		{00F0B38C-CC8F-4636-9903-76C047331701}.Release|Any CPU.Build.0 = Release|Any CPU
	EndGlobalSection
	GlobalSection(SolutionProperties) = preSolution
		HideSolutionNode = FALSE
	EndGlobalSection
	GlobalSection(ExtensibilityGlobals) = postSolution
		SolutionGuid = {3A29B57C-D477-4E95-8D9D-EE89A840DF2D}
	EndGlobalSection
EndGlobal
